
Microsoft Visual Studio Solution File, Format Version 12.00
# Visual Studio 15
VisualStudioVersion = 15.0.28307.106
MinimumVisualStudioVersion = 10.0.40219.1
Project("{FAE04EC0-301F-11D3-BF4B-00C04F79EFBC}") = "AlbabotTwitter", "AlbabotTwitter.csproj", "{07DA3405-71E7-4CA3-A42E-8A870BE2FA4B}"
EndProject
Global
	GlobalSection(SolutionConfigurationPlatforms) = preSolution
		Debug|Any CPU = Debug|Any CPU
		Release|Any CPU = Release|Any CPU
	EndGlobalSection
	GlobalSection(ProjectConfigurationPlatforms) = postSolution
		{07DA3405-71E7-4CA3-A42E-8A870BE2FA4B}.Debug|Any CPU.ActiveCfg = Debug|Any CPU
		{07DA3405-71E7-4CA3-A42E-8A870BE2FA4B}.Debug|Any CPU.Build.0 = Debug|Any CPU
		{07DA3405-71E7-4CA3-A42E-8A870BE2FA4B}.Release|Any CPU.ActiveCfg = Release|Any CPU
		{07DA3405-71E7-4CA3-A42E-8A870BE2FA4B}.Release|Any CPU.Build.0 = Release|Any CPU
	EndGlobalSection
	GlobalSection(SolutionProperties) = preSolution
		HideSolutionNode = FALSE
	EndGlobalSection
	GlobalSection(ExtensibilityGlobals) = postSolution
		SolutionGuid = {4E5C4361-B06C-47E8-A7B4-C13A1E6416D7}
	EndGlobalSection
EndGlobal
